
Microsoft Visual Studio Solution File, Format Version 12.00
# Visual Studio Version 16
VisualStudioVersion = 16.0.31321.278
MinimumVisualStudioVersion = 10.0.40219.1
Project("{FAE04EC0-301F-11D3-BF4B-00C04F79EFBC}") = "BlazorDemo.Server", "BlazorDemo\Server\BlazorDemo.Server.csproj", "{3C211D31-D45B-41BD-9A9B-CF14DBAC293C}"
EndProject
Project("{FAE04EC0-301F-11D3-BF4B-00C04F79EFBC}") = "BlazorDemo.Client", "BlazorDemo\Client\BlazorDemo.Client.csproj", "{A4053188-3E3B-40B9-8670-65E6D91E74FD}"
EndProject
Project("{FAE04EC0-301F-11D3-BF4B-00C04F79EFBC}") = "BlazorDemo.Shared", "BlazorDemo\Shared\BlazorDemo.Shared.csproj", "{72199055-666E-474C-9FCB-49794878E4D4}"
EndProject
Global
	GlobalSection(SolutionConfigurationPlatforms) = preSolution
		Debug|Any CPU = Debug|Any CPU
		Release|Any CPU = Release|Any CPU
	EndGlobalSection
	GlobalSection(ProjectConfigurationPlatforms) = postSolution
		{3C211D31-D45B-41BD-9A9B-CF14DBAC293C}.Debug|Any CPU.ActiveCfg = Debug|Any CPU
		{3C211D31-D45B-41BD-9A9B-CF14DBAC293C}.Debug|Any CPU.Build.0 = Debug|Any CPU
		{3C211D31-D45B-41BD-9A9B-CF14DBAC293C}.Release|Any CPU.ActiveCfg = Release|Any CPU
		{3C211D31-D45B-41BD-9A9B-CF14DBAC293C}.Release|Any CPU.Build.0 = Release|Any CPU
		{A4053188-3E3B-40B9-8670-65E6D91E74FD}.Debug|Any CPU.ActiveCfg = Debug|Any CPU
		{A4053188-3E3B-40B9-8670-65E6D91E74FD}.Debug|Any CPU.Build.0 = Debug|Any CPU
		{A4053188-3E3B-40B9-8670-65E6D91E74FD}.Release|Any CPU.ActiveCfg = Release|Any CPU
		{A4053188-3E3B-40B9-8670-65E6D91E74FD}.Release|Any CPU.Build.0 = Release|Any CPU
		{72199055-666E-474C-9FCB-49794878E4D4}.Debug|Any CPU.ActiveCfg = Debug|Any CPU
		{72199055-666E-474C-9FCB-49794878E4D4}.Debug|Any CPU.Build.0 = Debug|Any CPU
		{72199055-666E-474C-9FCB-49794878E4D4}.Release|Any CPU.ActiveCfg = Release|Any CPU
		{72199055-666E-474C-9FCB-49794878E4D4}.Release|Any CPU.Build.0 = Release|Any CPU
	EndGlobalSection
	GlobalSection(SolutionProperties) = preSolution
		HideSolutionNode = FALSE
	EndGlobalSection
	GlobalSection(ExtensibilityGlobals) = postSolution
		SolutionGuid = {AF4D9606-9F95-42D3-BC32-5B1A57622D9E}
	EndGlobalSection
EndGlobal
